// !$*UTF8*$!
{
	archiveVersion = 1;
	classes = {
	};
	objectVersion = 56;
	objects = {

/* Begin PBXBuildFile section */
		6A275D392A7119D80046457D /* AppDelegate.swift in Sources */ = {isa = PBXBuildFile; fileRef = 6A275D382A7119D80046457D /* AppDelegate.swift */; };
		6A275D3B2A7119D80046457D /* SceneDelegate.swift in Sources */ = {isa = PBXBuildFile; fileRef = 6A275D3A2A7119D80046457D /* SceneDelegate.swift */; };
		6A275D402A7119D80046457D /* Main.storyboard in Resources */ = {isa = PBXBuildFile; fileRef = 6A275D3E2A7119D80046457D /* Main.storyboard */; };
		6A275D422A7119D90046457D /* Assets.xcassets in Resources */ = {isa = PBXBuildFile; fileRef = 6A275D412A7119D90046457D /* Assets.xcassets */; };
		6A275D452A7119D90046457D /* LaunchScreen.storyboard in Resources */ = {isa = PBXBuildFile; fileRef = 6A275D432A7119D90046457D /* LaunchScreen.storyboard */; };
		6A275D4E2A711DA60046457D /* UIView + Extension.swift in Sources */ = {isa = PBXBuildFile; fileRef = 6A275D4D2A711DA60046457D /* UIView + Extension.swift */; };
		6A275D512A711F160046457D /* LoginViewController.swift in Sources */ = {isa = PBXBuildFile; fileRef = 6A275D502A711F160046457D /* LoginViewController.swift */; };
		6A275D532A711F8B0046457D /* HomeViewController.swift in Sources */ = {isa = PBXBuildFile; fileRef = 6A275D522A711F8B0046457D /* HomeViewController.swift */; };
		6A275D562A71245C0046457D /* LoginViewModel.swift in Sources */ = {isa = PBXBuildFile; fileRef = 6A275D552A71245C0046457D /* LoginViewModel.swift */; };
		6A275D592A7125B20046457D /* ObservableObject.swift in Sources */ = {isa = PBXBuildFile; fileRef = 6A275D582A7125B20046457D /* ObservableObject.swift */; };
		6A275D5D2A712C0F0046457D /* NetworkService.swift in Sources */ = {isa = PBXBuildFile; fileRef = 6A275D5C2A712C0F0046457D /* NetworkService.swift */; };
/* End PBXBuildFile section */

/* Begin PBXFileReference section */
		6A275D352A7119D80046457D /* ObsevableDataBinding.app */ = {isa = PBXFileReference; explicitFileType = wrapper.application; includeInIndex = 0; path = ObsevableDataBinding.app; sourceTree = BUILT_PRODUCTS_DIR; };
		6A275D382A7119D80046457D /* AppDelegate.swift */ = {isa = PBXFileReference; lastKnownFileType = sourcecode.swift; path = AppDelegate.swift; sourceTree = "<group>"; };
		6A275D3A2A7119D80046457D /* SceneDelegate.swift */ = {isa = PBXFileReference; lastKnownFileType = sourcecode.swift; path = SceneDelegate.swift; sourceTree = "<group>"; };
		6A275D3F2A7119D80046457D /* Base */ = {isa = PBXFileReference; lastKnownFileType = file.storyboard; name = Base; path = Base.lproj/Main.storyboard; sourceTree = "<group>"; };
		6A275D412A7119D90046457D /* Assets.xcassets */ = {isa = PBXFileReference; lastKnownFileType = folder.assetcatalog; path = Assets.xcassets; sourceTree = "<group>"; };
		6A275D442A7119D90046457D /* Base */ = {isa = PBXFileReference; lastKnownFileType = file.storyboard; name = Base; path = Base.lproj/LaunchScreen.storyboard; sourceTree = "<group>"; };
		6A275D462A7119D90046457D /* Info.plist */ = {isa = PBXFileReference; lastKnownFileType = text.plist.xml; path = Info.plist; sourceTree = "<group>"; };
		6A275D4D2A711DA60046457D /* UIView + Extension.swift */ = {isa = PBXFileReference; lastKnownFileType = sourcecode.swift; path = "UIView + Extension.swift"; sourceTree = "<group>"; };
		6A275D502A711F160046457D /* LoginViewController.swift */ = {isa = PBXFileReference; lastKnownFileType = sourcecode.swift; path = LoginViewController.swift; sourceTree = "<group>"; };
		6A275D522A711F8B0046457D /* HomeViewController.swift */ = {isa = PBXFileReference; lastKnownFileType = sourcecode.swift; path = HomeViewController.swift; sourceTree = "<group>"; };
		6A275D552A71245C0046457D /* LoginViewModel.swift */ = {isa = PBXFileReference; lastKnownFileType = sourcecode.swift; path = LoginViewModel.swift; sourceTree = "<group>"; };
		6A275D582A7125B20046457D /* ObservableObject.swift */ = {isa = PBXFileReference; lastKnownFileType = sourcecode.swift; path = ObservableObject.swift; sourceTree = "<group>"; };
		6A275D5C2A712C0F0046457D /* NetworkService.swift */ = {isa = PBXFileReference; lastKnownFileType = sourcecode.swift; path = NetworkService.swift; sourceTree = "<group>"; };
/* End PBXFileReference section */

/* Begin PBXFrameworksBuildPhase section */
		6A275D322A7119D80046457D /* Frameworks */ = {
			isa = PBXFrameworksBuildPhase;
			buildActionMask = 2147483647;
			files = (
			);
			runOnlyForDeploymentPostprocessing = 0;
		};
/* End PBXFrameworksBuildPhase section */

/* Begin PBXGroup section */
		6A275D2C2A7119D80046457D = {
			isa = PBXGroup;
			children = (
				6A275D372A7119D80046457D /* ObsevableDataBinding */,
				6A275D362A7119D80046457D /* Products */,
			);
			sourceTree = "<group>";
		};
		6A275D362A7119D80046457D /* Products */ = {
			isa = PBXGroup;
			children = (
				6A275D352A7119D80046457D /* ObsevableDataBinding.app */,
			);
			name = Products;
			sourceTree = "<group>";
		};
		6A275D372A7119D80046457D /* ObsevableDataBinding */ = {
			isa = PBXGroup;
			children = (
				6A275D4C2A711D880046457D /* Extensions */,
				6A275D4F2A711EE10046457D /* Scene */,
				6A275D542A7124460046457D /* LoginView */,
				6A275D572A71247B0046457D /* HomeView */,
				6A275D5B2A712BA70046457D /* NetworkService */,
				6A275D582A7125B20046457D /* ObservableObject.swift */,
				6A275D5A2A712B240046457D /* Folders */,
			);
			path = ObsevableDataBinding;
			sourceTree = "<group>";
		};
		6A275D4C2A711D880046457D /* Extensions */ = {
			isa = PBXGroup;
			children = (
				6A275D4D2A711DA60046457D /* UIView + Extension.swift */,
			);
			path = Extensions;
			sourceTree = "<group>";
		};
		6A275D4F2A711EE10046457D /* Scene */ = {
			isa = PBXGroup;
			children = (
			);
			path = Scene;
			sourceTree = "<group>";
		};
		6A275D542A7124460046457D /* LoginView */ = {
			isa = PBXGroup;
			children = (
				6A275D502A711F160046457D /* LoginViewController.swift */,
				6A275D552A71245C0046457D /* LoginViewModel.swift */,
			);
			path = LoginView;
			sourceTree = "<group>";
		};
		6A275D572A71247B0046457D /* HomeView */ = {
			isa = PBXGroup;
			children = (
				6A275D522A711F8B0046457D /* HomeViewController.swift */,
			);
			path = HomeView;
			sourceTree = "<group>";
		};
		6A275D5A2A712B240046457D /* Folders */ = {
			isa = PBXGroup;
			children = (
				6A275D382A7119D80046457D /* AppDelegate.swift */,
				6A275D3A2A7119D80046457D /* SceneDelegate.swift */,
				6A275D3E2A7119D80046457D /* Main.storyboard */,
				6A275D412A7119D90046457D /* Assets.xcassets */,
				6A275D432A7119D90046457D /* LaunchScreen.storyboard */,
				6A275D462A7119D90046457D /* Info.plist */,
			);
			name = Folders;
			sourceTree = "<group>";
		};
		6A275D5B2A712BA70046457D /* NetworkService */ = {
			isa = PBXGroup;
			children = (
				6A275D5C2A712C0F0046457D /* NetworkService.swift */,
			);
			path = NetworkService;
			sourceTree = "<group>";
		};
/* End PBXGroup section */

/* Begin PBXNativeTarget section */
		6A275D342A7119D80046457D /* ObsevableDataBinding */ = {
			isa = PBXNativeTarget;
			buildConfigurationList = 6A275D492A7119D90046457D /* Build configuration list for PBXNativeTarget "ObsevableDataBinding" */;
			buildPhases = (
				6A275D312A7119D80046457D /* Sources */,
				6A275D322A7119D80046457D /* Frameworks */,
				6A275D332A7119D80046457D /* Resources */,
			);
			buildRules = (
			);
			dependencies = (
			);
			name = ObsevableDataBinding;
			productName = ObsevableDataBinding;
			productReference = 6A275D352A7119D80046457D /* ObsevableDataBinding.app */;
			productType = "com.apple.product-type.application";
		};
/* End PBXNativeTarget section */

/* Begin PBXProject section */
		6A275D2D2A7119D80046457D /* Project object */ = {
			isa = PBXProject;
			attributes = {
				BuildIndependentTargetsInParallel = 1;
				LastSwiftUpdateCheck = 1430;
				LastUpgradeCheck = 1430;
				TargetAttributes = {
					6A275D342A7119D80046457D = {
						CreatedOnToolsVersion = 14.3.1;
					};
				};
			};
			buildConfigurationList = 6A275D302A7119D80046457D /* Build configuration list for PBXProject "ObsevableDataBinding" */;
			compatibilityVersion = "Xcode 14.0";
			developmentRegion = en;
			hasScannedForEncodings = 0;
			knownRegions = (
				en,
				Base,
			);
			mainGroup = 6A275D2C2A7119D80046457D;
			productRefGroup = 6A275D362A7119D80046457D /* Products */;
			projectDirPath = "";
			projectRoot = "";
			targets = (
				6A275D342A7119D80046457D /* ObsevableDataBinding */,
			);
		};
/* End PBXProject section */

/* Begin PBXResourcesBuildPhase section */
		6A275D332A7119D80046457D /* Resources */ = {
			isa = PBXResourcesBuildPhase;
			buildActionMask = 2147483647;
			files = (
				6A275D452A7119D90046457D /* LaunchScreen.storyboard in Resources */,
				6A275D422A7119D90046457D /* Assets.xcassets in Resources */,
				6A275D402A7119D80046457D /* Main.storyboard in Resources */,
			);
			runOnlyForDeploymentPostprocessing = 0;
		};
/* End PBXResourcesBuildPhase section */

/* Begin PBXSourcesBuildPhase section */
		6A275D312A7119D80046457D /* Sources */ = {
			isa = PBXSourcesBuildPhase;
			buildActionMask = 2147483647;
			files = (
				6A275D532A711F8B0046457D /* HomeViewController.swift in Sources */,
				6A275D512A711F160046457D /* LoginViewController.swift in Sources */,
				6A275D5D2A712C0F0046457D /* NetworkService.swift in Sources */,
				6A275D562A71245C0046457D /* LoginViewModel.swift in Sources */,
				6A275D4E2A711DA60046457D /* UIView + Extension.swift in Sources */,
				6A275D592A7125B20046457D /* ObservableObject.swift in Sources */,
				6A275D392A7119D80046457D /* AppDelegate.swift in Sources */,
				6A275D3B2A7119D80046457D /* SceneDelegate.swift in Sources */,
			);
			runOnlyForDeploymentPostprocessing = 0;
		};
/* End PBXSourcesBuildPhase section */

/* Begin PBXVariantGroup section */
		6A275D3E2A7119D80046457D /* Main.storyboard */ = {
			isa = PBXVariantGroup;
			children = (
				6A275D3F2A7119D80046457D /* Base */,
			);
			name = Main.storyboard;
			sourceTree = "<group>";
		};
		6A275D432A7119D90046457D /* LaunchScreen.storyboard */ = {
			isa = PBXVariantGroup;
			children = (
				6A275D442A7119D90046457D /* Base */,
			);
			name = LaunchScreen.storyboard;
			sourceTree = "<group>";
		};
/* End PBXVariantGroup section */

/* Begin XCBuildConfiguration section */
		6A275D472A7119D90046457D /* Debug */ = {
			isa = XCBuildConfiguration;
			buildSettings = {
				ALWAYS_SEARCH_USER_PATHS = NO;
				CLANG_ANALYZER_NONNULL = YES;
				CLANG_ANALYZER_NUMBER_OBJECT_CONVERSION = YES_AGGRESSIVE;
				CLANG_CXX_LANGUAGE_STANDARD = "gnu++20";
				CLANG_ENABLE_MODULES = YES;
				CLANG_ENABLE_OBJC_ARC = YES;
				CLANG_ENABLE_OBJC_WEAK = YES;
				CLANG_WARN_BLOCK_CAPTURE_AUTORELEASING = YES;
				CLANG_WARN_BOOL_CONVERSION = YES;
				CLANG_WARN_COMMA = YES;
				CLANG_WARN_CONSTANT_CONVERSION = YES;
				CLANG_WARN_DEPRECATED_OBJC_IMPLEMENTATIONS = YES;
				CLANG_WARN_DIRECT_OBJC_ISA_USAGE = YES_ERROR;
				CLANG_WARN_DOCUMENTATION_COMMENTS = YES;
				CLANG_WARN_EMPTY_BODY = YES;
				CLANG_WARN_ENUM_CONVERSION = YES;
				CLANG_WARN_INFINITE_RECURSION = YES;
				CLANG_WARN_INT_CONVERSION = YES;
				CLANG_WARN_NON_LITERAL_NULL_CONVERSION = YES;
				CLANG_WARN_OBJC_IMPLICIT_RETAIN_SELF = YES;
				CLANG_WARN_OBJC_LITERAL_CONVERSION = YES;
				CLANG_WARN_OBJC_ROOT_CLASS = YES_ERROR;
				CLANG_WARN_QUOTED_INCLUDE_IN_FRAMEWORK_HEADER = YES;
				CLANG_WARN_RANGE_LOOP_ANALYSIS = YES;
				CLANG_WARN_STRICT_PROTOTYPES = YES;
				CLANG_WARN_SUSPICIOUS_MOVE = YES;
				CLANG_WARN_UNGUARDED_AVAILABILITY = YES_AGGRESSIVE;
				CLANG_WARN_UNREACHABLE_CODE = YES;
				CLANG_WARN__DUPLICATE_METHOD_MATCH = YES;
				COPY_PHASE_STRIP = NO;
				DEBUG_INFORMATION_FORMAT = dwarf;
				ENABLE_STRICT_OBJC_MSGSEND = YES;
				ENABLE_TESTABILITY = YES;
				GCC_C_LANGUAGE_STANDARD = gnu11;
				GCC_DYNAMIC_NO_PIC = NO;
				GCC_NO_COMMON_BLOCKS = YES;
				GCC_OPTIMIZATION_LEVEL = 0;
				GCC_PREPROCESSOR_DEFINITIONS = (
					"DEBUG=1",
					"$(inherited)",
				);
				GCC_WARN_64_TO_32_BIT_CONVERSION = YES;
				GCC_WARN_ABOUT_RETURN_TYPE = YES_ERROR;
				GCC_WARN_UNDECLARED_SELECTOR = YES;
				GCC_WARN_UNINITIALIZED_AUTOS = YES_AGGRESSIVE;
				GCC_WARN_UNUSED_FUNCTION = YES;
				GCC_WARN_UNUSED_VARIABLE = YES;
				IPHONEOS_DEPLOYMENT_TARGET = 16.4;
				MTL_ENABLE_DEBUG_INFO = INCLUDE_SOURCE;
				MTL_FAST_MATH = YES;
				ONLY_ACTIVE_ARCH = YES;
				SDKROOT = iphoneos;
				SWIFT_ACTIVE_COMPILATION_CONDITIONS = DEBUG;
				SWIFT_OPTIMIZATION_LEVEL = "-Onone";
			};
			name = Debug;
		};
		6A275D482A7119D90046457D /* Release */ = {
			isa = XCBuildConfiguration;
			buildSettings = {
				ALWAYS_SEARCH_USER_PATHS = NO;
				CLANG_ANALYZER_NONNULL = YES;
				CLANG_ANALYZER_NUMBER_OBJECT_CONVERSION = YES_AGGRESSIVE;
				CLANG_CXX_LANGUAGE_STANDARD = "gnu++20";
				CLANG_ENABLE_MODULES = YES;
				CLANG_ENABLE_OBJC_ARC = YES;
				CLANG_ENABLE_OBJC_WEAK = YES;
				CLANG_WARN_BLOCK_CAPTURE_AUTORELEASING = YES;
				CLANG_WARN_BOOL_CONVERSION = YES;
				CLANG_WARN_COMMA = YES;
				CLANG_WARN_CONSTANT_CONVERSION = YES;
				CLANG_WARN_DEPRECATED_OBJC_IMPLEMENTATIONS = YES;
				CLANG_WARN_DIRECT_OBJC_ISA_USAGE = YES_ERROR;
				CLANG_WARN_DOCUMENTATION_COMMENTS = YES;
				CLANG_WARN_EMPTY_BODY = YES;
				CLANG_WARN_ENUM_CONVERSION = YES;
				CLANG_WARN_INFINITE_RECURSION = YES;
				CLANG_WARN_INT_CONVERSION = YES;
				CLANG_WARN_NON_LITERAL_NULL_CONVERSION = YES;
				CLANG_WARN_OBJC_IMPLICIT_RETAIN_SELF = YES;
				CLANG_WARN_OBJC_LITERAL_CONVERSION = YES;
				CLANG_WARN_OBJC_ROOT_CLASS = YES_ERROR;
				CLANG_WARN_QUOTED_INCLUDE_IN_FRAMEWORK_HEADER = YES;
				CLANG_WARN_RANGE_LOOP_ANALYSIS = YES;
				CLANG_WARN_STRICT_PROTOTYPES = YES;
				CLANG_WARN_SUSPICIOUS_MOVE = YES;
				CLANG_WARN_UNGUARDED_AVAILABILITY = YES_AGGRESSIVE;
				CLANG_WARN_UNREACHABLE_CODE = YES;
				CLANG_WARN__DUPLICATE_METHOD_MATCH = YES;
				COPY_PHASE_STRIP = NO;
				DEBUG_INFORMATION_FORMAT = "dwarf-with-dsym";
				ENABLE_NS_ASSERTIONS = NO;
				ENABLE_STRICT_OBJC_MSGSEND = YES;
				GCC_C_LANGUAGE_STANDARD = gnu11;
				GCC_NO_COMMON_BLOCKS = YES;
				GCC_WARN_64_TO_32_BIT_CONVERSION = YES;
				GCC_WARN_ABOUT_RETURN_TYPE = YES_ERROR;
				GCC_WARN_UNDECLARED_SELECTOR = YES;
				GCC_WARN_UNINITIALIZED_AUTOS = YES_AGGRESSIVE;
				GCC_WARN_UNUSED_FUNCTION = YES;
				GCC_WARN_UNUSED_VARIABLE = YES;
				IPHONEOS_DEPLOYMENT_TARGET = 16.4;
				MTL_ENABLE_DEBUG_INFO = NO;
				MTL_FAST_MATH = YES;
				SDKROOT = iphoneos;
				SWIFT_COMPILATION_MODE = wholemodule;
				SWIFT_OPTIMIZATION_LEVEL = "-O";
				VALIDATE_PRODUCT = YES;
			};
			name = Release;
		};
		6A275D4A2A7119D90046457D /* Debug */ = {
			isa = XCBuildConfiguration;
			buildSettings = {
				ASSETCATALOG_COMPILER_APPICON_NAME = AppIcon;
				ASSETCATALOG_COMPILER_GLOBAL_ACCENT_COLOR_NAME = AccentColor;
				CODE_SIGN_STYLE = Automatic;
				CURRENT_PROJECT_VERSION = 1;
				DEVELOPMENT_TEAM = 597Z5W4L5N;
				GENERATE_INFOPLIST_FILE = YES;
				INFOPLIST_FILE = ObsevableDataBinding/Info.plist;
				INFOPLIST_KEY_UIApplicationSupportsIndirectInputEvents = YES;
				INFOPLIST_KEY_UILaunchStoryboardName = LaunchScreen;
				INFOPLIST_KEY_UIMainStoryboardFile = Main;
				INFOPLIST_KEY_UISupportedInterfaceOrientations_iPad = "UIInterfaceOrientationPortrait UIInterfaceOrientationPortraitUpsideDown UIInterfaceOrientationLandscapeLeft UIInterfaceOrientationLandscapeRight";
				INFOPLIST_KEY_UISupportedInterfaceOrientations_iPhone = "UIInterfaceOrientationPortrait UIInterfaceOrientationLandscapeLeft UIInterfaceOrientationLandscapeRight";
				LD_RUNPATH_SEARCH_PATHS = (
					"$(inherited)",
					"@executable_path/Frameworks",
				);
				MARKETING_VERSION = 1.0;
				PRODUCT_BUNDLE_IDENTIFIER = com.zulfuakgunes.ObsevableDataBinding;
				PRODUCT_NAME = "$(TARGET_NAME)";
				SWIFT_EMIT_LOC_STRINGS = YES;
				SWIFT_VERSION = 5.0;
				TARGETED_DEVICE_FAMILY = "1,2";
			};
			name = Debug;
		};
		6A275D4B2A7119D90046457D /* Release */ = {
			isa = XCBuildConfiguration;
			buildSettings = {
				ASSETCATALOG_COMPILER_APPICON_NAME = AppIcon;
				ASSETCATALOG_COMPILER_GLOBAL_ACCENT_COLOR_NAME = AccentColor;
				CODE_SIGN_STYLE = Automatic;
				CURRENT_PROJECT_VERSION = 1;
				DEVELOPMENT_TEAM = 597Z5W4L5N;
				GENERATE_INFOPLIST_FILE = YES;
				INFOPLIST_FILE = ObsevableDataBinding/Info.plist;
				INFOPLIST_KEY_UIApplicationSupportsIndirectInputEvents = YES;
				INFOPLIST_KEY_UILaunchStoryboardName = LaunchScreen;
				INFOPLIST_KEY_UIMainStoryboardFile = Main;
				INFOPLIST_KEY_UISupportedInterfaceOrientations_iPad = "UIInterfaceOrientationPortrait UIInterfaceOrientationPortraitUpsideDown UIInterfaceOrientationLandscapeLeft UIInterfaceOrientationLandscapeRight";
				INFOPLIST_KEY_UISupportedInterfaceOrientations_iPhone = "UIInterfaceOrientationPortrait UIInterfaceOrientationLandscapeLeft UIInterfaceOrientationLandscapeRight";
				LD_RUNPATH_SEARCH_PATHS = (
					"$(inherited)",
					"@executable_path/Frameworks",
				);
				MARKETING_VERSION = 1.0;
				PRODUCT_BUNDLE_IDENTIFIER = com.zulfuakgunes.ObsevableDataBinding;
				PRODUCT_NAME = "$(TARGET_NAME)";
				SWIFT_EMIT_LOC_STRINGS = YES;
				SWIFT_VERSION = 5.0;
				TARGETED_DEVICE_FAMILY = "1,2";
			};
			name = Release;
		};
/* End XCBuildConfiguration section */

/* Begin XCConfigurationList section */
		6A275D302A7119D80046457D /* Build configuration list for PBXProject "ObsevableDataBinding" */ = {
			isa = XCConfigurationList;
			buildConfigurations = (
				6A275D472A7119D90046457D /* Debug */,
				6A275D482A7119D90046457D /* Release */,
			);
			defaultConfigurationIsVisible = 0;
			defaultConfigurationName = Release;
		};
		6A275D492A7119D90046457D /* Build configuration list for PBXNativeTarget "ObsevableDataBinding" */ = {
			isa = XCConfigurationList;
			buildConfigurations = (
				6A275D4A2A7119D90046457D /* Debug */,
				6A275D4B2A7119D90046457D /* Release */,
			);
			defaultConfigurationIsVisible = 0;
			defaultConfigurationName = Release;
		};
/* End XCConfigurationList section */
	};
	rootObject = 6A275D2D2A7119D80046457D /* Project object */;
}
